<?xml version="1.0" encoding="utf-8"?>
<Project ToolsVersion="4.0" xmlns="http://schemas.microsoft.com/developer/msbuild/2003">
  <ItemGroup>
    <ClCompile Include="src\adler32.c">
      <Filter>Source Files</Filter>
    </ClCompile>
    <ClCompile Include="src\compress.c">
      <Filter>Source Files</Filter>
    </ClCompile>
    <ClCompile Include="src\crc32.c">
      <Filter>Source Files</Filter>
    </ClCompile>
    <ClCompile Include="src\deflate.c">
      <Filter>Source Files</Filter>
    </ClCompile>
    <ClCompile Include="src\infback.c">
      <Filter>Source Files</Filter>
    </ClCompile>
    <ClCompile Include="src\inffast.c">
      <Filter>Source Files</Filter>
    </ClCompile>
    <ClCompile Include="src\inflate.c">
      <Filter>Source Files</Filter>
    </ClCompile>
    <ClCompile Include="src\inftrees.c">
      <Filter>Source Files</Filter>
    </ClCompile>
    <ClCompile Include="src\ioapi.c">
      <Filter>Source Files</Filter>
    </ClCompile>
    <ClCompile Include="src\iowin32.c">
      <Filter>Source Files</Filter>
    </ClCompile>
    <ClCompile Include="src\mztools.c">
      <Filter>Source Files</Filter>
    </ClCompile>
    <ClCompile Include="src\trees.c">
      <Filter>Source Files</Filter>
    </ClCompile>
    <ClCompile Include="src\uncompr.c">
      <Filter>Source Files</Filter>
    </ClCompile>
    <ClCompile Include="src\unzip.c">
      <Filter>Source Files</Filter>
    </ClCompile>
    <ClCompile Include="src\zip.c">
      <Filter>Source Files</Filter>
    </ClCompile>
    <ClCompile Include="src\zutil.c">
      <Filter>Source Files</Filter>
    </ClCompile>
  </ItemGroup>
  <ItemGroup>
    <ClInclude Include="include\crc32.h">
      <Filter>Header Files</Filter>
    </ClInclude>
    <ClInclude Include="include\crypt.h">
      <Filter>Header Files</Filter>
    </ClInclude>
    <ClInclude Include="include\deflate.h">
      <Filter>Header Files</Filter>
    </ClInclude>
    <ClInclude Include="include\inffast.h">
      <Filter>Header Files</Filter>
    </ClInclude>
    <ClInclude Include="include\inffixed.h">
      <Filter>Header Files</Filter>
    </ClInclude>
    <ClInclude Include="include\inflate.h">
      <Filter>Header Files</Filter>
    </ClInclude>
    <ClInclude Include="include\inftrees.h">
      <Filter>Header Files</Filter>
    </ClInclude>
    <ClInclude Include="include\ioapi.h">
      <Filter>Header Files</Filter>
    </ClInclude>
    <ClInclude Include="include\iowin32.h">
      <Filter>Header Files</Filter>
    </ClInclude>
    <ClInclude Include="include\mztools.h">
      <Filter>Header Files</Filter>
    </ClInclude>
    <ClInclude Include="include\trees.h">
      <Filter>Header Files</Filter>
    </ClInclude>
    <ClInclude Include="include\unzip.h">
      <Filter>Header Files</Filter>
    </ClInclude>
    <ClInclude Include="include\zconf.h">
      <Filter>Header Files</Filter>
    </ClInclude>
    <ClInclude Include="include\zconf.in.h">
      <Filter>Header Files</Filter>
    </ClInclude>
    <ClInclude Include="include\zip.h">
      <Filter>Header Files</Filter>
    </ClInclude>
    <ClInclude Include="include\zlib.h">
      <Filter>Header Files</Filter>
    </ClInclude>
    <ClInclude Include="include\zutil.h">
      <Filter>Header Files</Filter>
    </ClInclude>
  </ItemGroup>
  <ItemGroup>
    <Filter Include="Header Files">
      <UniqueIdentifier>{3c036705-df98-4009-b576-04e5ae05bac3}</UniqueIdentifier>
    </Filter>
    <Filter Include="Source Files">
      <UniqueIdentifier>{ca878988-7009-4e6b-b1a3-e80464ce5457}</UniqueIdentifier>
    </Filter>
  </ItemGroup>
  <ItemGroup>
    <None Include="zlib.def">
      <Filter>Source Files</Filter>
    </None>
  </ItemGroup>
</Project>